<?xml version="1.0" encoding="utf-8"?>
<Project ToolsVersion="4.0" xmlns="http://schemas.microsoft.com/developer/msbuild/2003">
  <ItemGroup>
    <Filter Include="Source Files">
      <UniqueIdentifier>{4FC737F1-C7A5-4376-A066-2A32D752A2FF}</UniqueIdentifier>
      <Extensions>cpp;c;cc;cxx;def;odl;idl;hpj;bat;asm;asmx</Extensions>
    </Filter>
    <Filter Include="Header Files">
      <UniqueIdentifier>{93995380-89BD-4b04-88EB-625FBE52EBFB}</UniqueIdentifier>
      <Extensions>h;hh;hpp;hxx;hm;inl;inc;ipp;xsd</Extensions>
    </Filter>
    <Filter Include="Resource Files">
      <UniqueIdentifier>{67DA6AB6-F800-4c08-8B7A-83BB121AAD01}</UniqueIdentifier>
      <Extensions>rc;ico;cur;bmp;dlg;rc2;rct;bin;rgs;gif;jpg;jpeg;jpe;resx;tiff;tif;png;wav;mfcribbon-ms</Extensions>
    </Filter>
  </ItemGroup>
  <ItemGroup>
    <ClCompile Include="Framework\StateMachine.cpp">
      <Filter>Source Files</Filter>
    </ClCompile>
    <ClCompile Include="Framework\Texturesheet.cpp">
      <Filter>Source Files</Filter>
    </ClCompile>
    <ClCompile Include="Framework\Tile.cpp">
      <Filter>Source Files</Filter>
    </ClCompile>
    <ClCompile Include="Framework\Player.cpp">
      <Filter>Source Files</Filter>
    </ClCompile>
    <ClCompile Include="Framework\main.cpp">
      <Filter>Source Files</Filter>
    </ClCompile>
    <ClCompile Include="Framework\Level.cpp">
      <Filter>Source Files</Filter>
    </ClCompile>
    <ClCompile Include="Framework\InputManager.cpp">
      <Filter>Source Files</Filter>
    </ClCompile>
    <ClCompile Include="Framework\GameObjectManager.cpp">
      <Filter>Source Files</Filter>
    </ClCompile>
    <ClCompile Include="Framework\Game.cpp">
      <Filter>Source Files</Filter>
    </ClCompile>
    <ClCompile Include="Framework\Camera.cpp">
      <Filter>Source Files</Filter>
    </ClCompile>
    <ClCompile Include="Framework\AssetManager.cpp">
      <Filter>Source Files</Filter>
    </ClCompile>
    <ClCompile Include="Framework\AnimationController.cpp">
      <Filter>Source Files</Filter>
    </ClCompile>
    <ClCompile Include="States\GameState.cpp">
      <Filter>Source Files</Filter>
    </ClCompile>
    <ClCompile Include="States\MainMenuState.cpp">
      <Filter>Source Files</Filter>
    </ClCompile>
    <ClCompile Include="States\TestNetworkState.cpp">
      <Filter>Source Files</Filter>
    </ClCompile>
    <ClCompile Include="States\TrainNetworkState.cpp">
      <Filter>Source Files</Filter>
    </ClCompile>
    <ClCompile Include="States\SplashState.cpp">
      <Filter>Source Files</Filter>
    </ClCompile>
    <ClCompile Include="Neural\NeuralNetwork.cpp">
      <Filter>Source Files</Filter>
    </ClCompile>
    <ClCompile Include="NeuralNetworkGA.cpp">
      <Filter>Source Files</Filter>
    </ClCompile>
    <ClCompile Include="Neural\NNControlledPlayer.cpp">
      <Filter>Source Files</Filter>
    </ClCompile>
  </ItemGroup>
  <ItemGroup>
    <ClInclude Include="Framework\StateMachine.h">
      <Filter>Header Files</Filter>
    </ClInclude>
    <ClInclude Include="Framework\State.h">
      <Filter>Header Files</Filter>
    </ClInclude>
    <ClInclude Include="Framework\Texturesheet.h">
      <Filter>Header Files</Filter>
    </ClInclude>
    <ClInclude Include="Framework\Tile.h">
      <Filter>Header Files</Filter>
    </ClInclude>
    <ClInclude Include="Framework\TILE_DEFINITIONS.h">
      <Filter>Header Files</Filter>
    </ClInclude>
    <ClInclude Include="Framework\Player.h">
      <Filter>Header Files</Filter>
    </ClInclude>
    <ClInclude Include="Framework\Level.h">
      <Filter>Header Files</Filter>
    </ClInclude>
    <ClInclude Include="Framework\InputManager.h">
      <Filter>Header Files</Filter>
    </ClInclude>
    <ClInclude Include="Framework\IEntity.h">
      <Filter>Header Files</Filter>
    </ClInclude>
    <ClInclude Include="Framework\GameObjectManager.h">
      <Filter>Header Files</Filter>
    </ClInclude>
    <ClInclude Include="Framework\Game.h">
      <Filter>Header Files</Filter>
    </ClInclude>
    <ClInclude Include="Framework\DEFINITIONS.h">
      <Filter>Header Files</Filter>
    </ClInclude>
    <ClInclude Include="Framework\Camera.h">
      <Filter>Header Files</Filter>
    </ClInclude>
    <ClInclude Include="Framework\AssetManager.h">
      <Filter>Header Files</Filter>
    </ClInclude>
    <ClInclude Include="Framework\AnimationController.h">
      <Filter>Header Files</Filter>
    </ClInclude>
    <ClInclude Include="States\GameState.h">
      <Filter>Header Files</Filter>
    </ClInclude>
    <ClInclude Include="States\MainMenuState.h">
      <Filter>Header Files</Filter>
    </ClInclude>
    <ClInclude Include="States\TestNetworkState.h">
      <Filter>Header Files</Filter>
    </ClInclude>
    <ClInclude Include="States\TrainNetworkState.h">
      <Filter>Header Files</Filter>
    </ClInclude>
    <ClInclude Include="States\SplashState.h">
      <Filter>Header Files</Filter>
    </ClInclude>
    <ClInclude Include="Neural\NNControlledPlayer.h">
      <Filter>Header Files</Filter>
    </ClInclude>
    <ClInclude Include="Neural\NeuralNetwork.h">
      <Filter>Header Files</Filter>
    </ClInclude>
    <ClInclude Include="NeuralNetworkGA.h">
      <Filter>Header Files</Filter>
    </ClInclude>
  </ItemGroup>
  <ItemGroup>
    <Text Include="Resources\level\level1.txt" />
    <Text Include="Resources\level\level2.txt" />
    <Text Include="Resources\level\level3.txt" />
    <Text Include="Resources\networks\test.txt" />
    <Text Include="Resources\level\level4.txt" />
    <Text Include="Resources\level\level5.txt" />
    <Text Include="Resources\level\level6.txt" />
    <Text Include="Resources\level\level7.txt" />
    <Text Include="Resources\networks\test2.txt" />
  </ItemGroup>
  <ItemGroup>
    <Image Include="Resources\res\Exit_Button.png">
      <Filter>Resource Files</Filter>
    </Image>
    <Image Include="Resources\res\MainMenu_Background.png">
      <Filter>Resource Files</Filter>
    </Image>
    <Image Include="Resources\res\Play_Button.png">
      <Filter>Resource Files</Filter>
    </Image>
    <Image Include="Resources\res\Player_Sheet.png">
      <Filter>Resource Files</Filter>
    </Image>
    <Image Include="Resources\res\Splash_Background.png">
      <Filter>Resource Files</Filter>
    </Image>
    <Image Include="Resources\res\Tile_Sheet.png">
      <Filter>Resource Files</Filter>
    </Image>
    <Image Include="Resources\res\Train_Button.png">
      <Filter>Resource Files</Filter>
    </Image>
    <Image Include="Resources\res\Extra_sheet.png">
      <Filter>Resource Files</Filter>
    </Image>
    <Image Include="Resources\res\Menu_Button.png">
      <Filter>Resource Files</Filter>
    </Image>
  </ItemGroup>
  <ItemGroup>
    <Font Include="Resources\fonts\Menu_Font.ttf" />
  </ItemGroup>
</Project>