<?xml version="1.0" encoding="utf-8"?>
<Project ToolsVersion="4.0" xmlns="http://schemas.microsoft.com/developer/msbuild/2003">
  <ItemGroup>
    <Filter Include="Source Files">
      <UniqueIdentifier>{4FC737F1-C7A5-4376-A066-2A32D752A2FF}</UniqueIdentifier>
      <Extensions>cpp;c;cc;cxx;def;odl;idl;hpj;bat;asm;asmx</Extensions>
    </Filter>
    <Filter Include="Header Files">
      <UniqueIdentifier>{93995380-89BD-4b04-88EB-625FBE52EBFB}</UniqueIdentifier>
      <Extensions>h;hh;hpp;hxx;hm;inl;inc;ipp;xsd</Extensions>
    </Filter>
    <Filter Include="Resource Files">
      <UniqueIdentifier>{67DA6AB6-F800-4c08-8B7A-83BB121AAD01}</UniqueIdentifier>
      <Extensions>rc;ico;cur;bmp;dlg;rc2;rct;bin;rgs;gif;jpg;jpeg;jpe;resx;tiff;tif;png;wav;mfcribbon-ms</Extensions>
    </Filter>
  </ItemGroup>
  <ItemGroup>
    <ClCompile Include="AssetManager.cpp">
      <Filter>Source Files</Filter>
    </ClCompile>
    <ClCompile Include="Camera.cpp">
      <Filter>Source Files</Filter>
    </ClCompile>
    <ClCompile Include="Game.cpp">
      <Filter>Source Files</Filter>
    </ClCompile>
    <ClCompile Include="GameState.cpp">
      <Filter>Source Files</Filter>
    </ClCompile>
    <ClCompile Include="InputManager.cpp">
      <Filter>Source Files</Filter>
    </ClCompile>
    <ClCompile Include="Level.cpp">
      <Filter>Source Files</Filter>
    </ClCompile>
    <ClCompile Include="main.cpp">
      <Filter>Source Files</Filter>
    </ClCompile>
    <ClCompile Include="MainMenuState.cpp">
      <Filter>Source Files</Filter>
    </ClCompile>
    <ClCompile Include="Player.cpp">
      <Filter>Source Files</Filter>
    </ClCompile>
    <ClCompile Include="SplashState.cpp">
      <Filter>Source Files</Filter>
    </ClCompile>
    <ClCompile Include="StateMachine.cpp">
      <Filter>Source Files</Filter>
    </ClCompile>
    <ClCompile Include="Tile.cpp">
      <Filter>Source Files</Filter>
    </ClCompile>
    <ClCompile Include="GameObjectManager.cpp">
      <Filter>Source Files</Filter>
    </ClCompile>
    <ClCompile Include="Texturesheet.cpp">
      <Filter>Source Files</Filter>
    </ClCompile>
    <ClCompile Include="TrainNetworkState.cpp">
      <Filter>Source Files</Filter>
    </ClCompile>
    <ClCompile Include="NNControlledPlayer.cpp">
      <Filter>Source Files</Filter>
    </ClCompile>
    <ClCompile Include="NeuralNetworkGA.cpp">
      <Filter>Source Files</Filter>
    </ClCompile>
    <ClCompile Include="NeuralNetwork.cpp">
      <Filter>Source Files</Filter>
    </ClCompile>
    <ClCompile Include="TestNetworkState.cpp">
      <Filter>Source Files</Filter>
    </ClCompile>
    <ClCompile Include="AnimationController.cpp">
      <Filter>Source Files</Filter>
    </ClCompile>
  </ItemGroup>
  <ItemGroup>
    <ClInclude Include="AssetManager.h">
      <Filter>Header Files</Filter>
    </ClInclude>
    <ClInclude Include="Camera.h">
      <Filter>Header Files</Filter>
    </ClInclude>
    <ClInclude Include="DEFINITIONS.h">
      <Filter>Header Files</Filter>
    </ClInclude>
    <ClInclude Include="Game.h">
      <Filter>Header Files</Filter>
    </ClInclude>
    <ClInclude Include="GameState.h">
      <Filter>Header Files</Filter>
    </ClInclude>
    <ClInclude Include="IEntity.h">
      <Filter>Header Files</Filter>
    </ClInclude>
    <ClInclude Include="InputManager.h">
      <Filter>Header Files</Filter>
    </ClInclude>
    <ClInclude Include="Level.h">
      <Filter>Header Files</Filter>
    </ClInclude>
    <ClInclude Include="MainMenuState.h">
      <Filter>Header Files</Filter>
    </ClInclude>
    <ClInclude Include="Player.h">
      <Filter>Header Files</Filter>
    </ClInclude>
    <ClInclude Include="SplashState.h">
      <Filter>Header Files</Filter>
    </ClInclude>
    <ClInclude Include="State.h">
      <Filter>Header Files</Filter>
    </ClInclude>
    <ClInclude Include="StateMachine.h">
      <Filter>Header Files</Filter>
    </ClInclude>
    <ClInclude Include="Tile.h">
      <Filter>Header Files</Filter>
    </ClInclude>
    <ClInclude Include="GameObjectManager.h">
      <Filter>Header Files</Filter>
    </ClInclude>
    <ClInclude Include="TILE_DEFINITIONS.h">
      <Filter>Header Files</Filter>
    </ClInclude>
    <ClInclude Include="Texturesheet.h">
      <Filter>Header Files</Filter>
    </ClInclude>
    <ClInclude Include="TrainNetworkState.h">
      <Filter>Header Files</Filter>
    </ClInclude>
    <ClInclude Include="NNControlledPlayer.h">
      <Filter>Header Files</Filter>
    </ClInclude>
    <ClInclude Include="NeuralNetworkGA.h">
      <Filter>Header Files</Filter>
    </ClInclude>
    <ClInclude Include="NeuralNetwork.h">
      <Filter>Header Files</Filter>
    </ClInclude>
    <ClInclude Include="TestNetworkState.h">
      <Filter>Header Files</Filter>
    </ClInclude>
    <ClInclude Include="AnimationController.h">
      <Filter>Header Files</Filter>
    </ClInclude>
  </ItemGroup>
  <ItemGroup>
    <Text Include="Resources\level\level1.txt" />
    <Text Include="Resources\level\level2.txt" />
    <Text Include="Resources\networks\test6.txt" />
    <Text Include="Resources\networks\test5.txt" />
  </ItemGroup>
  <ItemGroup>
    <Image Include="Resources\res\Exit_Button.png">
      <Filter>Resource Files</Filter>
    </Image>
    <Image Include="Resources\res\MainMenu_Background.png">
      <Filter>Resource Files</Filter>
    </Image>
    <Image Include="Resources\res\Play_Button.png">
      <Filter>Resource Files</Filter>
    </Image>
    <Image Include="Resources\res\Player_Sheet.png">
      <Filter>Resource Files</Filter>
    </Image>
    <Image Include="Resources\res\Splash_Background.png">
      <Filter>Resource Files</Filter>
    </Image>
    <Image Include="Resources\res\Tile_Sheet.png">
      <Filter>Resource Files</Filter>
    </Image>
    <Image Include="Resources\res\Train_Button.png">
      <Filter>Resource Files</Filter>
    </Image>
  </ItemGroup>
</Project>